
Microsoft Visual Studio Solution File, Format Version 12.00
# Visual Studio Version 17
VisualStudioVersion = 17.3.32929.385
MinimumVisualStudioVersion = 10.0.40219.1
Project("{FAE04EC0-301F-11D3-BF4B-00C04F79EFBC}") = "Kontrolki Arduino", "Kontrolki Arduino.csproj", "{52BA4C55-871F-41C0-909B-72F4677915C0}"
EndProject
Global
	GlobalSection(SolutionConfigurationPlatforms) = preSolution
		Debug|Any CPU = Debug|Any CPU
		Release|Any CPU = Release|Any CPU
	EndGlobalSection
	GlobalSection(ProjectConfigurationPlatforms) = postSolution
		{52BA4C55-871F-41C0-909B-72F4677915C0}.Debug|Any CPU.ActiveCfg = Debug|Any CPU
		{52BA4C55-871F-41C0-909B-72F4677915C0}.Debug|Any CPU.Build.0 = Debug|Any CPU
		{52BA4C55-871F-41C0-909B-72F4677915C0}.Release|Any CPU.ActiveCfg = Release|Any CPU
		{52BA4C55-871F-41C0-909B-72F4677915C0}.Release|Any CPU.Build.0 = Release|Any CPU
	EndGlobalSection
	GlobalSection(SolutionProperties) = preSolution
		HideSolutionNode = FALSE
	EndGlobalSection
	GlobalSection(ExtensibilityGlobals) = postSolution
		SolutionGuid = {0E1589EC-6C7D-4C4B-89DF-B67FD505B974}
	EndGlobalSection
EndGlobal
